{
  "name": "ep_etherpad-lite",
  "version": "1.6.3",
  "lockfileVersion": 1,
  "requires": true,
  "dependencies": {
    "bindings": {
      "version": "1.3.0",
      "resolved": "https://registry.npmjs.org/bindings/-/bindings-1.3.0.tgz",
      "integrity": "sha512-DpLh5EzMR2kzvX1KIlVC0VkC3iZtHKTgdtZ0a3pglBZdaQFjt5S9g9xd1lE+YvXyfd6mtCeRnrUfOLYiTMlNSw==",
      "optional": true
    },
    "bson": {
      "version": "0.3.2",
      "resolved": "https://registry.npmjs.org/bson/-/bson-0.3.2.tgz",
      "integrity": "sha1-VnU8Xo2G0PRXRLk6lpPk9gqLvWw=",
      "requires": {
        "bson-ext": "0.1.13"
      }
    },
    "bson-ext": {
      "version": "0.1.13",
      "resolved": "https://registry.npmjs.org/bson-ext/-/bson-ext-0.1.13.tgz",
      "integrity": "sha1-SkjTCRoh59W05Zu7tUuRJ5Z3+LM=",
      "optional": true,
      "requires": {
        "bindings": "1.3.0",
        "nan": "2.0.9"
      }
    },
    "core-util-is": {
      "version": "1.0.2",
      "resolved": "https://registry.npmjs.org/core-util-is/-/core-util-is-1.0.2.tgz",
      "integrity": "sha1-tf1UIgqivFq1eqtxQMlAdUUDwac="
    },
    "inherits": {
      "version": "2.0.3",
      "resolved": "https://registry.npmjs.org/inherits/-/inherits-2.0.3.tgz",
      "integrity": "sha1-Yzwsg+PaQqUC9SRmAiSA9CCCYd4="
    },
    "isarray": {
      "version": "0.0.1",
      "resolved": "https://registry.npmjs.org/isarray/-/isarray-0.0.1.tgz",
      "integrity": "sha1-ihis/Kmo9Bd+Cav8YDiTmwXR7t8="
    },
    "kerberos": {
      "version": "0.0.23",
      "resolved": "https://registry.npmjs.org/kerberos/-/kerberos-0.0.23.tgz",
      "integrity": "sha1-aqRq/bl4bGkZOIzFtAjwEscfD9E=",
      "optional": true,
      "requires": {
        "nan": "2.5.1"
      },
      "dependencies": {
        "nan": {
          "version": "2.5.1",
          "resolved": "https://registry.npmjs.org/nan/-/nan-2.5.1.tgz",
          "integrity": "sha1-1bAWkSUzJql6K77p5hxV2NYDUeI=",
          "optional": true
        }
      }
    },
    "minimist": {
      "version": "0.0.8",
      "resolved": "https://registry.npmjs.org/minimist/-/minimist-0.0.8.tgz",
      "integrity": "sha1-hX/Kv8M5fSYluCKCYuhqp6ARsF0="
    },
    "mkdirp": {
      "version": "0.5.0",
      "resolved": "https://registry.npmjs.org/mkdirp/-/mkdirp-0.5.0.tgz",
      "integrity": "sha1-HXMHam35hs2TROFecfzAWkyavxI=",
      "requires": {
        "minimist": "0.0.8"
      }
    },
    "mongodb": {
      "version": "2.0.25",
      "resolved": "https://registry.npmjs.org/mongodb/-/mongodb-2.0.25.tgz",
      "integrity": "sha1-UFOuES2M6TnFL+NXWu6RB+7GRpc=",
      "requires": {
        "mongodb-core": "1.1.21",
        "readable-stream": "1.0.31"
      }
    },
    "mongodb-core": {
      "version": "1.1.21",
      "resolved": "https://registry.npmjs.org/mongodb-core/-/mongodb-core-1.1.21.tgz",
      "integrity": "sha1-EcMT8EdDFeiiAMTbuJtfxkQsj3w=",
      "requires": {
        "bson": "0.3.2",
        "kerberos": "0.0.23",
        "mkdirp": "0.5.0",
        "rimraf": "2.2.6"
      }
    },
    "nan": {
      "version": "2.0.9",
      "resolved": "https://registry.npmjs.org/nan/-/nan-2.0.9.tgz",
      "integrity": "sha1-0Cp3D0Z3iELM65ThfKsx/8cjSgU=",
      "optional": true
    },
    "readable-stream": {
      "version": "1.0.31",
      "resolved": "https://registry.npmjs.org/readable-stream/-/readable-stream-1.0.31.tgz",
      "integrity": "sha1-jyUC4LyeOw2huUUgqrtOJgPsr64=",
      "requires": {
        "core-util-is": "1.0.2",
        "inherits": "2.0.3",
        "isarray": "0.0.1",
        "string_decoder": "0.10.31"
      }
    },
    "rimraf": {
      "version": "2.2.6",
      "resolved": "https://registry.npmjs.org/rimraf/-/rimraf-2.2.6.tgz",
      "integrity": "sha1-xZWXVpsU2VatKcrMQr3d9fDqT0w="
    },
    "string_decoder": {
      "version": "0.10.31",
      "resolved": "https://registry.npmjs.org/string_decoder/-/string_decoder-0.10.31.tgz",
      "integrity": "sha1-YuIDvEF2bGwoyfyEMB2rHFMQ+pQ="
    }
  }
}
